github.com/McShelby/hugo-theme-relearn v0.0.0-20230913212904-4921ec0583e9 h1:GcCmHCZDtYiDgh3S9NdTFURSPWTn22r3Qnn9AkhQV8k=
github.com/McShelby/hugo-theme-relearn v0.0.0-20230913212904-4921ec0583e9/go.mod h1:mKQQdxZNIlLvAj8X3tMq+RzntIJSr9z7XdzuMomt0IM=
github.com/McShelby/hugo-theme-relearn v0.0.0-20230914222341-6cd5a9319836 h1:2MJy3SqkfYhCVgheieM+wY8QsXuifWfM2wA/uR+l1+E=
github.com/McShelby/hugo-theme-relearn v0.0.0-20230914222341-6cd5a9319836/go.mod h1:mKQQdxZNIlLvAj8X3tMq+RzntIJSr9z7XdzuMomt0IM=
github.com/spf13/hyde v1.1.0 h1:ZKOakmybNrsaUQCZsf/XwwGIp6NHjUuU3klBgVuoees=
github.com/spf13/hyde v1.1.0/go.mod h1:CSmLWCbXXInaA5zAkwAQ0EbwpR7Pe74eSmDxdGspoCY=
